<?xml version="1.0" encoding="UTF-8" standalone="yes" ?>
<CodeBlocks_project_file>
	<FileVersion major="1" minor="6" />
	<Project>
		<Option title="Tv - Graphics &amp; Pictures video" />
		<Option pch_mode="2" />
		<Option compiler="gnu_gcc_stable" />
		<Option virtualFolders="Tv/" />
		<Build>
			<Target title="Release">
				<Option output="Dev/Tv64" prefix_auto="1" extension_auto="1" />
				<Option working_dir="Data" />
				<Option object_output="Dev/Obj/" />
				<Option type="0" />
				<Option compiler="gnu_gcc_stable" />
				<Option parameters='&quot;A1206 Cruise-2.dc2&quot;' />
				<Compiler>
					<Add option="-flto" />
					<Add option="-m32" />
					<Add option="-fanalyzer" />
				</Compiler>
				<Linker>
					<Add option="-flto" />
					<Add option="-static-libstdc++" />
					<Add option="-static-libgcc" />
					<Add option="-static" />
					<Add option="-m32" />
					<Add library="Dev/Lib/libAlis64.a" />
					<Add library="msvcrt-os" />
					<Add library="dl" />
				</Linker>
			</Target>
			<Target title="Release-32">
				<Option output="Dev/Tv" prefix_auto="1" extension_auto="1" />
				<Option working_dir="Data" />
				<Option object_output="Dev/Obj/" />
				<Option type="0" />
				<Option compiler="gcc" />
				<Option parameters="T-UZH.dw2" />
				<Option projectLinkerOptionsRelation="2" />
				<Linker>
					<Add library="Dev/Lib/libAlis32.a" />
				</Linker>
			</Target>
		</Build>
		<Compiler>
			<Add option="-fexpensive-optimizations" />
			<Add option="-Os" />
			<Add option="-funsigned-char" />
			<Add option="-fopenmp" />
			<Add option="-fno-exceptions" />
			<Add option="-ffast-math" />
			<Add option="-fno-trapping-math" />
			<Add option="-fno-enforce-eh-specs" />
			<Add option="-funsafe-math-optimizations" />
			<Add option="-mthreads" />
			<Add option="-Wunused" />
		</Compiler>
		<Linker>
			<Add option="-s" />
			<Add library="gdi32" />
			<Add library="gomp" />
		</Linker>
		<Unit filename="../Ani/Tv.cpp">
			<Option virtualFolder="Tv/" />
		</Unit>
		<Unit filename="../Ani/Tv.h">
			<Option virtualFolder="Tv/" />
		</Unit>
		<Unit filename="../Ani/Tv_DCM.cpp">
			<Option virtualFolder="Tv/" />
		</Unit>
		<Unit filename="../Ani/Tv_Fnt.cpp">
			<Option virtualFolder="Tv/" />
		</Unit>
		<Unit filename="../Ani/Tv_Inf.cpp">
			<Option virtualFolder="Tv/" />
		</Unit>
		<Unit filename="../Ani/Tv_NetCDF.cpp">
			<Option virtualFolder="Tv/" />
		</Unit>
		<Unit filename="../Ani/Tv_Pcx.cpp">
			<Option virtualFolder="Tv/" />
		</Unit>
		<Unit filename="../Ship/Ship.Rc">
			<Option compilerVar="WINDRES" />
			<Option virtualFolder="Tv/" />
			<Option target="Release" />
		</Unit>
		<Unit filename="../Type.h">
			<Option target="Release" />
		</Unit>
		<Extensions />
	</Project>
</CodeBlocks_project_file>
